
Microsoft Visual Studio Solution File, Format Version 12.00
# Visual Studio 15
VisualStudioVersion = 15.0.28307.960
MinimumVisualStudioVersion = 10.0.40219.1
Project("{FAE04EC0-301F-11D3-BF4B-00C04F79EFBC}") = "Web.Security", "Web.Security\Web.Security.csproj", "{C67E6CC1-D8DD-4DF6-8084-244D56867096}"
EndProject
Project("{FAE04EC0-301F-11D3-BF4B-00C04F79EFBC}") = "Web.Security.Data", "Web.Security.Data\Web.Security.Data.csproj", "{73996E71-AFAF-44B1-A848-502B49379E46}"
EndProject
Project("{FAE04EC0-301F-11D3-BF4B-00C04F79EFBC}") = "Web.Security.Domain", "Web.Security.Domain\Web.Security.Domain.csproj", "{B1A9E15A-7E1C-4E8C-A330-E5ABCAED781B}"
EndProject
Global
	GlobalSection(SolutionConfigurationPlatforms) = preSolution
		Debug|Any CPU = Debug|Any CPU
		Release|Any CPU = Release|Any CPU
	EndGlobalSection
	GlobalSection(ProjectConfigurationPlatforms) = postSolution
		{C67E6CC1-D8DD-4DF6-8084-244D56867096}.Debug|Any CPU.ActiveCfg = Debug|Any CPU
		{C67E6CC1-D8DD-4DF6-8084-244D56867096}.Debug|Any CPU.Build.0 = Debug|Any CPU
		{C67E6CC1-D8DD-4DF6-8084-244D56867096}.Release|Any CPU.ActiveCfg = Release|Any CPU
		{C67E6CC1-D8DD-4DF6-8084-244D56867096}.Release|Any CPU.Build.0 = Release|Any CPU
		{73996E71-AFAF-44B1-A848-502B49379E46}.Debug|Any CPU.ActiveCfg = Debug|Any CPU
		{73996E71-AFAF-44B1-A848-502B49379E46}.Debug|Any CPU.Build.0 = Debug|Any CPU
		{73996E71-AFAF-44B1-A848-502B49379E46}.Release|Any CPU.ActiveCfg = Release|Any CPU
		{73996E71-AFAF-44B1-A848-502B49379E46}.Release|Any CPU.Build.0 = Release|Any CPU
		{B1A9E15A-7E1C-4E8C-A330-E5ABCAED781B}.Debug|Any CPU.ActiveCfg = Debug|Any CPU
		{B1A9E15A-7E1C-4E8C-A330-E5ABCAED781B}.Debug|Any CPU.Build.0 = Debug|Any CPU
		{B1A9E15A-7E1C-4E8C-A330-E5ABCAED781B}.Release|Any CPU.ActiveCfg = Release|Any CPU
		{B1A9E15A-7E1C-4E8C-A330-E5ABCAED781B}.Release|Any CPU.Build.0 = Release|Any CPU
	EndGlobalSection
	GlobalSection(SolutionProperties) = preSolution
		HideSolutionNode = FALSE
	EndGlobalSection
	GlobalSection(ExtensibilityGlobals) = postSolution
		SolutionGuid = {F23AE487-28D2-4368-BAD2-6A2F15F5691B}
	EndGlobalSection
EndGlobal
